
Microsoft Visual Studio Solution File, Format Version 12.00
# Visual Studio Version 17
VisualStudioVersion = 17.3.32811.315
MinimumVisualStudioVersion = 10.0.40219.1
Project("{2150E333-8FDC-42A3-9474-1A3956D46DE8}") = ".Build", ".Build", "{3DA99C4E-89E3-4049-9C22-0A7EC60D83D8}"
	ProjectSection(SolutionItems) = preProject
		.editorconfig = .editorconfig
		Build\Directory.build.common.props = Build\Directory.build.common.props
		Build\Directory.build.common.targets = Build\Directory.build.common.targets
		Directory.Build.props = Directory.Build.props
		Directory.build.targets = Directory.build.targets
		Directory.Packages.props = Directory.Packages.props
		Build\Directory.Packages.targets = Build\Directory.Packages.targets
		global.json = global.json
		license.md = license.md
		Nuget.bat = Nuget.bat
		README.md = README.md
	EndProjectSection
EndProject
Project("{9A19103F-16F7-4668-BE54-9A1E7A4F7556}") = "AntDesign", "Source\AntDesign\AntDesign.csproj", "{7D0D00F1-A36F-4DD5-8140-17329E911ED0}"
EndProject
Project("{9A19103F-16F7-4668-BE54-9A1E7A4F7556}") = "AntDesign.Sample.Shared", "Source\AntDesign.Sample.Shared\AntDesign.Sample.Shared.csproj", "{F3EA6BAF-855B-4E05-9F64-A203D3134F29}"
EndProject
Project("{9A19103F-16F7-4668-BE54-9A1E7A4F7556}") = "AntDesign.Sample.Android", "Source\AntDesign.Sample.Android\AntDesign.Sample.Android.csproj", "{DAFDCFB5-09C1-49C7-B84D-3F5BB549005E}"
EndProject
Project("{9A19103F-16F7-4668-BE54-9A1E7A4F7556}") = "AntDesign.Sample.Desktop", "Source\AntDesign.Sample.Desktop\AntDesign.Sample.Desktop.csproj", "{DE60FD72-637A-4B0D-9578-85C288264E76}"
EndProject
Project("{9A19103F-16F7-4668-BE54-9A1E7A4F7556}") = "AntDesign.Sample.iOS", "Source\AntDesign.Sample.iOS\AntDesign.Sample.iOS.csproj", "{9ACCF9DB-3232-41EE-953F-E0031A78BD4F}"
EndProject
Project("{9A19103F-16F7-4668-BE54-9A1E7A4F7556}") = "AntDesign.Sample.Web", "Source\AntDesign.Sample.Web\AntDesign.Sample.Web.csproj", "{FC88A6CA-E875-4DE2-98F8-69A8728BB55C}"
EndProject
Project("{9A19103F-16F7-4668-BE54-9A1E7A4F7556}") = "Avalonia.SourceGenerator", "Source\Avalonia.SourceGenerator\Avalonia.SourceGenerator.csproj", "{8148DE74-5328-4198-8067-8B6339B9CAB8}"
EndProject
Project("{9A19103F-16F7-4668-BE54-9A1E7A4F7556}") = "Avalonia.Toolkit", "Source\Avalonia.Toolkit\Avalonia.Toolkit.csproj", "{4832D4A7-B65C-4AE7-8997-2DCE7E8410DF}"
EndProject
Project("{9A19103F-16F7-4668-BE54-9A1E7A4F7556}") = "Avalonia.ReactiveUI.Toolkit", "Source\Avalonia.ReactiveUI.Toolkit\Avalonia.ReactiveUI.Toolkit.csproj", "{5CE934BE-6C44-4893-B6EC-F760AFA448BA}"
EndProject
Project("{9A19103F-16F7-4668-BE54-9A1E7A4F7556}") = "AntDesign.Icons", "Source\AntDesign.Icons\AntDesign.Icons.csproj", "{CEE81A97-90B0-4959-AAE4-4E78771AE380}"
EndProject
Project("{9A19103F-16F7-4668-BE54-9A1E7A4F7556}") = "AntDesign.Controls", "Source\AntDesign.Controls\AntDesign.Controls.csproj", "{4FEEA5BB-77A0-4015-B005-3CEE78A3C535}"
EndProject
Project("{9A19103F-16F7-4668-BE54-9A1E7A4F7556}") = "AntDesign.DataGrid", "Source\AntDesign.DataGrid\AntDesign.DataGrid.csproj", "{8AFBC6AB-C9C9-4BCC-A329-0B0B5ED7C364}"
EndProject
Project("{9A19103F-16F7-4668-BE54-9A1E7A4F7556}") = "AntDesign.ColorPicker", "Source\AntDesign.ColorPicker\AntDesign.ColorPicker.csproj", "{645C820A-D238-4BBE-AFBD-CE7D1CCE5C62}"
EndProject
Project("{9A19103F-16F7-4668-BE54-9A1E7A4F7556}") = "AntDesign.Sample.Browser.Blazor", "Source\AntDesign.Sample.Browser.Blazor\AntDesign.Sample.Browser.Blazor.csproj", "{59995A84-7594-4143-8D98-AA2ED2498D95}"
EndProject
Project("{2150E333-8FDC-42A3-9474-1A3956D46DE8}") = "Sample", "Sample", "{DCC2662D-23F2-4146-B9A7-09A92D99A6C1}"
EndProject
Project("{2150E333-8FDC-42A3-9474-1A3956D46DE8}") = ".Packages", ".Packages", "{3C61C340-656F-4BF8-8C2C-E5DB51BB0866}"
EndProject
Project("{9A19103F-16F7-4668-BE54-9A1E7A4F7556}") = "AntDesign.Avalonia", "Packages\AntDesign.Avalonia\AntDesign.Avalonia.csproj", "{084349FA-3FCE-43CE-90C2-AF382348929C}"
EndProject
Global
	GlobalSection(SolutionConfigurationPlatforms) = preSolution
		Debug|Any CPU = Debug|Any CPU
		Release|Any CPU = Release|Any CPU
	EndGlobalSection
	GlobalSection(ProjectConfigurationPlatforms) = postSolution
		{7D0D00F1-A36F-4DD5-8140-17329E911ED0}.Debug|Any CPU.ActiveCfg = Debug|Any CPU
		{7D0D00F1-A36F-4DD5-8140-17329E911ED0}.Debug|Any CPU.Build.0 = Debug|Any CPU
		{7D0D00F1-A36F-4DD5-8140-17329E911ED0}.Release|Any CPU.ActiveCfg = Release|Any CPU
		{7D0D00F1-A36F-4DD5-8140-17329E911ED0}.Release|Any CPU.Build.0 = Release|Any CPU
		{F3EA6BAF-855B-4E05-9F64-A203D3134F29}.Debug|Any CPU.ActiveCfg = Debug|Any CPU
		{F3EA6BAF-855B-4E05-9F64-A203D3134F29}.Debug|Any CPU.Build.0 = Debug|Any CPU
		{F3EA6BAF-855B-4E05-9F64-A203D3134F29}.Release|Any CPU.ActiveCfg = Release|Any CPU
		{F3EA6BAF-855B-4E05-9F64-A203D3134F29}.Release|Any CPU.Build.0 = Release|Any CPU
		{DAFDCFB5-09C1-49C7-B84D-3F5BB549005E}.Debug|Any CPU.ActiveCfg = Debug|Any CPU
		{DAFDCFB5-09C1-49C7-B84D-3F5BB549005E}.Debug|Any CPU.Build.0 = Debug|Any CPU
		{DAFDCFB5-09C1-49C7-B84D-3F5BB549005E}.Debug|Any CPU.Deploy.0 = Debug|Any CPU
		{DAFDCFB5-09C1-49C7-B84D-3F5BB549005E}.Release|Any CPU.ActiveCfg = Release|Any CPU
		{DAFDCFB5-09C1-49C7-B84D-3F5BB549005E}.Release|Any CPU.Build.0 = Release|Any CPU
		{DAFDCFB5-09C1-49C7-B84D-3F5BB549005E}.Release|Any CPU.Deploy.0 = Release|Any CPU
		{DE60FD72-637A-4B0D-9578-85C288264E76}.Debug|Any CPU.ActiveCfg = Debug|Any CPU
		{DE60FD72-637A-4B0D-9578-85C288264E76}.Debug|Any CPU.Build.0 = Debug|Any CPU
		{DE60FD72-637A-4B0D-9578-85C288264E76}.Release|Any CPU.ActiveCfg = Release|Any CPU
		{DE60FD72-637A-4B0D-9578-85C288264E76}.Release|Any CPU.Build.0 = Release|Any CPU
		{9ACCF9DB-3232-41EE-953F-E0031A78BD4F}.Debug|Any CPU.ActiveCfg = Debug|Any CPU
		{9ACCF9DB-3232-41EE-953F-E0031A78BD4F}.Debug|Any CPU.Build.0 = Debug|Any CPU
		{9ACCF9DB-3232-41EE-953F-E0031A78BD4F}.Debug|Any CPU.Deploy.0 = Debug|Any CPU
		{9ACCF9DB-3232-41EE-953F-E0031A78BD4F}.Release|Any CPU.ActiveCfg = Release|Any CPU
		{9ACCF9DB-3232-41EE-953F-E0031A78BD4F}.Release|Any CPU.Build.0 = Release|Any CPU
		{9ACCF9DB-3232-41EE-953F-E0031A78BD4F}.Release|Any CPU.Deploy.0 = Release|Any CPU
		{FC88A6CA-E875-4DE2-98F8-69A8728BB55C}.Debug|Any CPU.ActiveCfg = Debug|Any CPU
		{FC88A6CA-E875-4DE2-98F8-69A8728BB55C}.Debug|Any CPU.Build.0 = Debug|Any CPU
		{FC88A6CA-E875-4DE2-98F8-69A8728BB55C}.Release|Any CPU.ActiveCfg = Release|Any CPU
		{FC88A6CA-E875-4DE2-98F8-69A8728BB55C}.Release|Any CPU.Build.0 = Release|Any CPU
		{8148DE74-5328-4198-8067-8B6339B9CAB8}.Debug|Any CPU.ActiveCfg = Debug|Any CPU
		{8148DE74-5328-4198-8067-8B6339B9CAB8}.Debug|Any CPU.Build.0 = Debug|Any CPU
		{8148DE74-5328-4198-8067-8B6339B9CAB8}.Release|Any CPU.ActiveCfg = Release|Any CPU
		{8148DE74-5328-4198-8067-8B6339B9CAB8}.Release|Any CPU.Build.0 = Release|Any CPU
		{4832D4A7-B65C-4AE7-8997-2DCE7E8410DF}.Debug|Any CPU.ActiveCfg = Debug|Any CPU
		{4832D4A7-B65C-4AE7-8997-2DCE7E8410DF}.Debug|Any CPU.Build.0 = Debug|Any CPU
		{4832D4A7-B65C-4AE7-8997-2DCE7E8410DF}.Release|Any CPU.ActiveCfg = Release|Any CPU
		{4832D4A7-B65C-4AE7-8997-2DCE7E8410DF}.Release|Any CPU.Build.0 = Release|Any CPU
		{5CE934BE-6C44-4893-B6EC-F760AFA448BA}.Debug|Any CPU.ActiveCfg = Debug|Any CPU
		{5CE934BE-6C44-4893-B6EC-F760AFA448BA}.Debug|Any CPU.Build.0 = Debug|Any CPU
		{5CE934BE-6C44-4893-B6EC-F760AFA448BA}.Release|Any CPU.ActiveCfg = Release|Any CPU
		{5CE934BE-6C44-4893-B6EC-F760AFA448BA}.Release|Any CPU.Build.0 = Release|Any CPU
		{CEE81A97-90B0-4959-AAE4-4E78771AE380}.Debug|Any CPU.ActiveCfg = Debug|Any CPU
		{CEE81A97-90B0-4959-AAE4-4E78771AE380}.Debug|Any CPU.Build.0 = Debug|Any CPU
		{CEE81A97-90B0-4959-AAE4-4E78771AE380}.Release|Any CPU.ActiveCfg = Release|Any CPU
		{CEE81A97-90B0-4959-AAE4-4E78771AE380}.Release|Any CPU.Build.0 = Release|Any CPU
		{4FEEA5BB-77A0-4015-B005-3CEE78A3C535}.Debug|Any CPU.ActiveCfg = Debug|Any CPU
		{4FEEA5BB-77A0-4015-B005-3CEE78A3C535}.Debug|Any CPU.Build.0 = Debug|Any CPU
		{4FEEA5BB-77A0-4015-B005-3CEE78A3C535}.Release|Any CPU.ActiveCfg = Release|Any CPU
		{4FEEA5BB-77A0-4015-B005-3CEE78A3C535}.Release|Any CPU.Build.0 = Release|Any CPU
		{8AFBC6AB-C9C9-4BCC-A329-0B0B5ED7C364}.Debug|Any CPU.ActiveCfg = Debug|Any CPU
		{8AFBC6AB-C9C9-4BCC-A329-0B0B5ED7C364}.Debug|Any CPU.Build.0 = Debug|Any CPU
		{8AFBC6AB-C9C9-4BCC-A329-0B0B5ED7C364}.Release|Any CPU.ActiveCfg = Release|Any CPU
		{8AFBC6AB-C9C9-4BCC-A329-0B0B5ED7C364}.Release|Any CPU.Build.0 = Release|Any CPU
		{645C820A-D238-4BBE-AFBD-CE7D1CCE5C62}.Debug|Any CPU.ActiveCfg = Debug|Any CPU
		{645C820A-D238-4BBE-AFBD-CE7D1CCE5C62}.Debug|Any CPU.Build.0 = Debug|Any CPU
		{645C820A-D238-4BBE-AFBD-CE7D1CCE5C62}.Release|Any CPU.ActiveCfg = Release|Any CPU
		{645C820A-D238-4BBE-AFBD-CE7D1CCE5C62}.Release|Any CPU.Build.0 = Release|Any CPU
		{59995A84-7594-4143-8D98-AA2ED2498D95}.Debug|Any CPU.ActiveCfg = Debug|Any CPU
		{59995A84-7594-4143-8D98-AA2ED2498D95}.Debug|Any CPU.Build.0 = Debug|Any CPU
		{59995A84-7594-4143-8D98-AA2ED2498D95}.Release|Any CPU.ActiveCfg = Release|Any CPU
		{59995A84-7594-4143-8D98-AA2ED2498D95}.Release|Any CPU.Build.0 = Release|Any CPU
		{084349FA-3FCE-43CE-90C2-AF382348929C}.Debug|Any CPU.ActiveCfg = Debug|Any CPU
		{084349FA-3FCE-43CE-90C2-AF382348929C}.Debug|Any CPU.Build.0 = Debug|Any CPU
		{084349FA-3FCE-43CE-90C2-AF382348929C}.Release|Any CPU.ActiveCfg = Release|Any CPU
		{084349FA-3FCE-43CE-90C2-AF382348929C}.Release|Any CPU.Build.0 = Release|Any CPU
	EndGlobalSection
	GlobalSection(SolutionProperties) = preSolution
		HideSolutionNode = FALSE
	EndGlobalSection
	GlobalSection(NestedProjects) = preSolution
		{F3EA6BAF-855B-4E05-9F64-A203D3134F29} = {DCC2662D-23F2-4146-B9A7-09A92D99A6C1}
		{DAFDCFB5-09C1-49C7-B84D-3F5BB549005E} = {DCC2662D-23F2-4146-B9A7-09A92D99A6C1}
		{DE60FD72-637A-4B0D-9578-85C288264E76} = {DCC2662D-23F2-4146-B9A7-09A92D99A6C1}
		{9ACCF9DB-3232-41EE-953F-E0031A78BD4F} = {DCC2662D-23F2-4146-B9A7-09A92D99A6C1}
		{FC88A6CA-E875-4DE2-98F8-69A8728BB55C} = {DCC2662D-23F2-4146-B9A7-09A92D99A6C1}
		{59995A84-7594-4143-8D98-AA2ED2498D95} = {DCC2662D-23F2-4146-B9A7-09A92D99A6C1}
		{084349FA-3FCE-43CE-90C2-AF382348929C} = {3C61C340-656F-4BF8-8C2C-E5DB51BB0866}
	EndGlobalSection
	GlobalSection(ExtensibilityGlobals) = postSolution
		SolutionGuid = {83CB65B8-011F-4ED7-BCD3-A6CFA935EF7E}
	EndGlobalSection
EndGlobal
